
Microsoft Visual Studio Solution File, Format Version 12.00
# Visual Studio 15
VisualStudioVersion = 15.0.33423.255
MinimumVisualStudioVersion = 10.0.40219.1
Project("{F184B08F-C81C-45F6-A57F-5ABD9991F28F}") = "TinyEditor", "TinyEditor.vbproj", "{B4CB96FA-FC80-4205-9346-1140A5B5B23D}"
EndProject
Global
	GlobalSection(SolutionConfigurationPlatforms) = preSolution
		Debug|Any CPU = Debug|Any CPU
		Release|Any CPU = Release|Any CPU
	EndGlobalSection
	GlobalSection(ProjectConfigurationPlatforms) = postSolution
		{B4CB96FA-FC80-4205-9346-1140A5B5B23D}.Debug|Any CPU.ActiveCfg = Debug|Any CPU
		{B4CB96FA-FC80-4205-9346-1140A5B5B23D}.Debug|Any CPU.Build.0 = Debug|Any CPU
		{B4CB96FA-FC80-4205-9346-1140A5B5B23D}.Release|Any CPU.ActiveCfg = Release|Any CPU
		{B4CB96FA-FC80-4205-9346-1140A5B5B23D}.Release|Any CPU.Build.0 = Release|Any CPU
	EndGlobalSection
	GlobalSection(SolutionProperties) = preSolution
		HideSolutionNode = FALSE
	EndGlobalSection
	GlobalSection(ExtensibilityGlobals) = postSolution
		SolutionGuid = {56CF6F83-C48E-4D0A-AC79-9B59D318FC0D}
	EndGlobalSection
EndGlobal
